// !$*UTF8*$!
{
	archiveVersion = 1;
	classes = {
	};
	objectVersion = 46;
	objects = {

/* Begin PBXBuildFile section */
		7BBE5922AA45AF6DF1D45933 /* Pods.framework in Frameworks */ = {isa = PBXBuildFile; fileRef = 45C8B6545A97322DD7D33470 /* Pods.framework */; };
		E456A82D1BEDE635002D652E /* SETripTableViewCell.swift in Sources */ = {isa = PBXBuildFile; fileRef = E456A82C1BEDE635002D652E /* SETripTableViewCell.swift */; };
		E456A82F1BEE3FF0002D652E /* SECheckInViewController.swift in Sources */ = {isa = PBXBuildFile; fileRef = E456A82E1BEE3FF0002D652E /* SECheckInViewController.swift */; };
		E4AC64D51BED62DF00A6F6BD /* AppDelegate.swift in Sources */ = {isa = PBXBuildFile; fileRef = E4AC64D41BED62DF00A6F6BD /* AppDelegate.swift */; };
		E4AC64D71BED62DF00A6F6BD /* SEReportsTableViewController.swift in Sources */ = {isa = PBXBuildFile; fileRef = E4AC64D61BED62DF00A6F6BD /* SEReportsTableViewController.swift */; };
		E4AC64DC1BED62DF00A6F6BD /* Main.storyboard in Resources */ = {isa = PBXBuildFile; fileRef = E4AC64DA1BED62DF00A6F6BD /* Main.storyboard */; };
		E4AC64DE1BED62DF00A6F6BD /* Assets.xcassets in Resources */ = {isa = PBXBuildFile; fileRef = E4AC64DD1BED62DF00A6F6BD /* Assets.xcassets */; };
		E4AC64E11BED62DF00A6F6BD /* LaunchScreen.storyboard in Resources */ = {isa = PBXBuildFile; fileRef = E4AC64DF1BED62DF00A6F6BD /* LaunchScreen.storyboard */; };
		E4AC64EC1BED62DF00A6F6BD /* TouchlessTravelUITests.swift in Sources */ = {isa = PBXBuildFile; fileRef = E4AC64EB1BED62DF00A6F6BD /* TouchlessTravelUITests.swift */; };
		E4C677E71BEF414B008A6E6C /* Ride.swift in Sources */ = {isa = PBXBuildFile; fileRef = E4C677E61BEF414B008A6E6C /* Ride.swift */; };
		E4C677EA1BEF52D0008A6E6C /* SEReportTableViewController.swift in Sources */ = {isa = PBXBuildFile; fileRef = E4C677E91BEF52D0008A6E6C /* SEReportTableViewController.swift */; };
		E4C677EC1BEF5AF7008A6E6C /* cache.json in Resources */ = {isa = PBXBuildFile; fileRef = E4C677EB1BEF5AF7008A6E6C /* cache.json */; };
		E4C677EE1BEF6740008A6E6C /* SEMoreTableViewCell.swift in Sources */ = {isa = PBXBuildFile; fileRef = E4C677ED1BEF6740008A6E6C /* SEMoreTableViewCell.swift */; };
		E4F805431BEE8151007A0BA0 /* HTTPClient.swift in Sources */ = {isa = PBXBuildFile; fileRef = E4F805421BEE8151007A0BA0 /* HTTPClient.swift */; };
		E4F805451BEE9D68007A0BA0 /* SECurrentTripViewController.swift in Sources */ = {isa = PBXBuildFile; fileRef = E4F805441BEE9D68007A0BA0 /* SECurrentTripViewController.swift */; };
/* End PBXBuildFile section */

/* Begin PBXContainerItemProxy section */
		E4AC64E81BED62DF00A6F6BD /* PBXContainerItemProxy */ = {
			isa = PBXContainerItemProxy;
			containerPortal = E4AC64C91BED62DF00A6F6BD /* Project object */;
			proxyType = 1;
			remoteGlobalIDString = E4AC64D01BED62DF00A6F6BD;
			remoteInfo = TouchlessTravel;
		};
/* End PBXContainerItemProxy section */

/* Begin PBXFileReference section */
		131B2033EC037EE5FB5F58C2 /* Pods.debug.xcconfig */ = {isa = PBXFileReference; includeInIndex = 1; lastKnownFileType = text.xcconfig; name = Pods.debug.xcconfig; path = "Pods/Target Support Files/Pods/Pods.debug.xcconfig"; sourceTree = "<group>"; };
		45C8B6545A97322DD7D33470 /* Pods.framework */ = {isa = PBXFileReference; explicitFileType = wrapper.framework; includeInIndex = 0; path = Pods.framework; sourceTree = BUILT_PRODUCTS_DIR; };
		8566B15B2479236B8087A8C1 /* Pods.release.xcconfig */ = {isa = PBXFileReference; includeInIndex = 1; lastKnownFileType = text.xcconfig; name = Pods.release.xcconfig; path = "Pods/Target Support Files/Pods/Pods.release.xcconfig"; sourceTree = "<group>"; };
		E456A82C1BEDE635002D652E /* SETripTableViewCell.swift */ = {isa = PBXFileReference; fileEncoding = 4; lastKnownFileType = sourcecode.swift; path = SETripTableViewCell.swift; sourceTree = "<group>"; };
		E456A82E1BEE3FF0002D652E /* SECheckInViewController.swift */ = {isa = PBXFileReference; fileEncoding = 4; lastKnownFileType = sourcecode.swift; path = SECheckInViewController.swift; sourceTree = "<group>"; };
		E4AC64D11BED62DF00A6F6BD /* TouchlessTravel.app */ = {isa = PBXFileReference; explicitFileType = wrapper.application; includeInIndex = 0; path = TouchlessTravel.app; sourceTree = BUILT_PRODUCTS_DIR; };
		E4AC64D41BED62DF00A6F6BD /* AppDelegate.swift */ = {isa = PBXFileReference; lastKnownFileType = sourcecode.swift; path = AppDelegate.swift; sourceTree = "<group>"; };
		E4AC64D61BED62DF00A6F6BD /* SEReportsTableViewController.swift */ = {isa = PBXFileReference; lastKnownFileType = sourcecode.swift; path = SEReportsTableViewController.swift; sourceTree = "<group>"; };
		E4AC64DB1BED62DF00A6F6BD /* Base */ = {isa = PBXFileReference; lastKnownFileType = file.storyboard; name = Base; path = Base.lproj/Main.storyboard; sourceTree = "<group>"; };
		E4AC64DD1BED62DF00A6F6BD /* Assets.xcassets */ = {isa = PBXFileReference; lastKnownFileType = folder.assetcatalog; path = Assets.xcassets; sourceTree = "<group>"; };
		E4AC64E01BED62DF00A6F6BD /* Base */ = {isa = PBXFileReference; lastKnownFileType = file.storyboard; name = Base; path = Base.lproj/LaunchScreen.storyboard; sourceTree = "<group>"; };
		E4AC64E21BED62DF00A6F6BD /* Info.plist */ = {isa = PBXFileReference; lastKnownFileType = text.plist.xml; path = Info.plist; sourceTree = "<group>"; };
		E4AC64E71BED62DF00A6F6BD /* TouchlessTravelUITests.xctest */ = {isa = PBXFileReference; explicitFileType = wrapper.cfbundle; includeInIndex = 0; path = TouchlessTravelUITests.xctest; sourceTree = BUILT_PRODUCTS_DIR; };
		E4AC64EB1BED62DF00A6F6BD /* TouchlessTravelUITests.swift */ = {isa = PBXFileReference; lastKnownFileType = sourcecode.swift; path = TouchlessTravelUITests.swift; sourceTree = "<group>"; };
		E4AC64ED1BED62DF00A6F6BD /* Info.plist */ = {isa = PBXFileReference; lastKnownFileType = text.plist.xml; path = Info.plist; sourceTree = "<group>"; };
		E4AC64F61BED63B100A6F6BD /* ObjCBridge.h */ = {isa = PBXFileReference; fileEncoding = 4; lastKnownFileType = sourcecode.c.h; path = ObjCBridge.h; sourceTree = "<group>"; };
		E4C677E61BEF414B008A6E6C /* Ride.swift */ = {isa = PBXFileReference; fileEncoding = 4; lastKnownFileType = sourcecode.swift; path = Ride.swift; sourceTree = "<group>"; };
		E4C677E91BEF52D0008A6E6C /* SEReportTableViewController.swift */ = {isa = PBXFileReference; fileEncoding = 4; lastKnownFileType = sourcecode.swift; path = SEReportTableViewController.swift; sourceTree = "<group>"; };
		E4C677EB1BEF5AF7008A6E6C /* cache.json */ = {isa = PBXFileReference; fileEncoding = 4; lastKnownFileType = text.json; path = cache.json; sourceTree = "<group>"; };
		E4C677ED1BEF6740008A6E6C /* SEMoreTableViewCell.swift */ = {isa = PBXFileReference; fileEncoding = 4; lastKnownFileType = sourcecode.swift; path = SEMoreTableViewCell.swift; sourceTree = "<group>"; };
		E4F805421BEE8151007A0BA0 /* HTTPClient.swift */ = {isa = PBXFileReference; fileEncoding = 4; lastKnownFileType = sourcecode.swift; path = HTTPClient.swift; sourceTree = "<group>"; };
		E4F805441BEE9D68007A0BA0 /* SECurrentTripViewController.swift */ = {isa = PBXFileReference; fileEncoding = 4; lastKnownFileType = sourcecode.swift; path = SECurrentTripViewController.swift; sourceTree = "<group>"; };
/* End PBXFileReference section */

/* Begin PBXFrameworksBuildPhase section */
		E4AC64CE1BED62DF00A6F6BD /* Frameworks */ = {
			isa = PBXFrameworksBuildPhase;
			buildActionMask = 2147483647;
			files = (
				7BBE5922AA45AF6DF1D45933 /* Pods.framework in Frameworks */,
			);
			runOnlyForDeploymentPostprocessing = 0;
		};
		E4AC64E41BED62DF00A6F6BD /* Frameworks */ = {
			isa = PBXFrameworksBuildPhase;
			buildActionMask = 2147483647;
			files = (
			);
			runOnlyForDeploymentPostprocessing = 0;
		};
/* End PBXFrameworksBuildPhase section */

/* Begin PBXGroup section */
		394C98F0CF2D5A841440E106 /* Frameworks */ = {
			isa = PBXGroup;
			children = (
				45C8B6545A97322DD7D33470 /* Pods.framework */,
			);
			name = Frameworks;
			sourceTree = "<group>";
		};
		66AB307DCA9455873AD65774 /* Pods */ = {
			isa = PBXGroup;
			children = (
				131B2033EC037EE5FB5F58C2 /* Pods.debug.xcconfig */,
				8566B15B2479236B8087A8C1 /* Pods.release.xcconfig */,
			);
			name = Pods;
			sourceTree = "<group>";
		};
		E4AC64C81BED62DF00A6F6BD = {
			isa = PBXGroup;
			children = (
				E4AC64D31BED62DF00A6F6BD /* TouchlessTravel */,
				E4AC64EA1BED62DF00A6F6BD /* TouchlessTravelUITests */,
				E4AC64D21BED62DF00A6F6BD /* Products */,
				66AB307DCA9455873AD65774 /* Pods */,
				394C98F0CF2D5A841440E106 /* Frameworks */,
			);
			sourceTree = "<group>";
		};
		E4AC64D21BED62DF00A6F6BD /* Products */ = {
			isa = PBXGroup;
			children = (
				E4AC64D11BED62DF00A6F6BD /* TouchlessTravel.app */,
				E4AC64E71BED62DF00A6F6BD /* TouchlessTravelUITests.xctest */,
			);
			name = Products;
			sourceTree = "<group>";
		};
		E4AC64D31BED62DF00A6F6BD /* TouchlessTravel */ = {
			isa = PBXGroup;
			children = (
				E4C677E81BEF4157008A6E6C /* Model */,
				E4AC64F61BED63B100A6F6BD /* ObjCBridge.h */,
				E4AC64D41BED62DF00A6F6BD /* AppDelegate.swift */,
				E456A82E1BEE3FF0002D652E /* SECheckInViewController.swift */,
				E4F805421BEE8151007A0BA0 /* HTTPClient.swift */,
				E4AC64DA1BED62DF00A6F6BD /* Main.storyboard */,
				E4AC64DD1BED62DF00A6F6BD /* Assets.xcassets */,
				E4AC64DF1BED62DF00A6F6BD /* LaunchScreen.storyboard */,
				E4AC64E21BED62DF00A6F6BD /* Info.plist */,
				E4F805441BEE9D68007A0BA0 /* SECurrentTripViewController.swift */,
				E4AC64D61BED62DF00A6F6BD /* SEReportsTableViewController.swift */,
				E4C677E91BEF52D0008A6E6C /* SEReportTableViewController.swift */,
				E456A82C1BEDE635002D652E /* SETripTableViewCell.swift */,
				E4C677ED1BEF6740008A6E6C /* SEMoreTableViewCell.swift */,
				E4C677EB1BEF5AF7008A6E6C /* cache.json */,
			);
			path = TouchlessTravel;
			sourceTree = "<group>";
		};
		E4AC64EA1BED62DF00A6F6BD /* TouchlessTravelUITests */ = {
			isa = PBXGroup;
			children = (
				E4AC64EB1BED62DF00A6F6BD /* TouchlessTravelUITests.swift */,
				E4AC64ED1BED62DF00A6F6BD /* Info.plist */,
			);
			path = TouchlessTravelUITests;
			sourceTree = "<group>";
		};
		E4C677E81BEF4157008A6E6C /* Model */ = {
			isa = PBXGroup;
			children = (
				E4C677E61BEF414B008A6E6C /* Ride.swift */,
			);
			name = Model;
			sourceTree = "<group>";
		};
/* End PBXGroup section */

/* Begin PBXNativeTarget section */
		E4AC64D01BED62DF00A6F6BD /* TouchlessTravel */ = {
			isa = PBXNativeTarget;
			buildConfigurationList = E4AC64F01BED62DF00A6F6BD /* Build configuration list for PBXNativeTarget "TouchlessTravel" */;
			buildPhases = (
				F54CDF273ABC4370DA7525E1 /* Check Pods Manifest.lock */,
				E4AC64CD1BED62DF00A6F6BD /* Sources */,
				E4AC64CE1BED62DF00A6F6BD /* Frameworks */,
				E4AC64CF1BED62DF00A6F6BD /* Resources */,
				5DFF6FF58C71F4852974C525 /* Embed Pods Frameworks */,
				4F983E0DDF79CB380B89DF1E /* Copy Pods Resources */,
			);
			buildRules = (
			);
			dependencies = (
			);
			name = TouchlessTravel;
			productName = TouchlessTravel;
			productReference = E4AC64D11BED62DF00A6F6BD /* TouchlessTravel.app */;
			productType = "com.apple.product-type.application";
		};
		E4AC64E61BED62DF00A6F6BD /* TouchlessTravelUITests */ = {
			isa = PBXNativeTarget;
			buildConfigurationList = E4AC64F31BED62DF00A6F6BD /* Build configuration list for PBXNativeTarget "TouchlessTravelUITests" */;
			buildPhases = (
				E4AC64E31BED62DF00A6F6BD /* Sources */,
				E4AC64E41BED62DF00A6F6BD /* Frameworks */,
				E4AC64E51BED62DF00A6F6BD /* Resources */,
			);
			buildRules = (
			);
			dependencies = (
				E4AC64E91BED62DF00A6F6BD /* PBXTargetDependency */,
			);
			name = TouchlessTravelUITests;
			productName = TouchlessTravelUITests;
			productReference = E4AC64E71BED62DF00A6F6BD /* TouchlessTravelUITests.xctest */;
			productType = "com.apple.product-type.bundle.ui-testing";
		};
/* End PBXNativeTarget section */

/* Begin PBXProject section */
		E4AC64C91BED62DF00A6F6BD /* Project object */ = {
			isa = PBXProject;
			attributes = {
				LastUpgradeCheck = 0700;
				ORGANIZATIONNAME = Hackathon;
				TargetAttributes = {
					E4AC64D01BED62DF00A6F6BD = {
						CreatedOnToolsVersion = 7.0.1;
						SystemCapabilities = {
							com.apple.BackgroundModes = {
								enabled = 1;
							};
						};
					};
					E4AC64E61BED62DF00A6F6BD = {
						CreatedOnToolsVersion = 7.0.1;
						TestTargetID = E4AC64D01BED62DF00A6F6BD;
					};
				};
			};
			buildConfigurationList = E4AC64CC1BED62DF00A6F6BD /* Build configuration list for PBXProject "TouchlessTravel" */;
			compatibilityVersion = "Xcode 3.2";
			developmentRegion = English;
			hasScannedForEncodings = 0;
			knownRegions = (
				en,
				Base,
			);
			mainGroup = E4AC64C81BED62DF00A6F6BD;
			productRefGroup = E4AC64D21BED62DF00A6F6BD /* Products */;
			projectDirPath = "";
			projectRoot = "";
			targets = (
				E4AC64D01BED62DF00A6F6BD /* TouchlessTravel */,
				E4AC64E61BED62DF00A6F6BD /* TouchlessTravelUITests */,
			);
		};
/* End PBXProject section */

/* Begin PBXResourcesBuildPhase section */
		E4AC64CF1BED62DF00A6F6BD /* Resources */ = {
			isa = PBXResourcesBuildPhase;
			buildActionMask = 2147483647;
			files = (
				E4AC64E11BED62DF00A6F6BD /* LaunchScreen.storyboard in Resources */,
				E4AC64DE1BED62DF00A6F6BD /* Assets.xcassets in Resources */,
				E4C677EC1BEF5AF7008A6E6C /* cache.json in Resources */,
				E4AC64DC1BED62DF00A6F6BD /* Main.storyboard in Resources */,
			);
			runOnlyForDeploymentPostprocessing = 0;
		};
		E4AC64E51BED62DF00A6F6BD /* Resources */ = {
			isa = PBXResourcesBuildPhase;
			buildActionMask = 2147483647;
			files = (
			);
			runOnlyForDeploymentPostprocessing = 0;
		};
/* End PBXResourcesBuildPhase section */

/* Begin PBXShellScriptBuildPhase section */
		4F983E0DDF79CB380B89DF1E /* Copy Pods Resources */ = {
			isa = PBXShellScriptBuildPhase;
			buildActionMask = 2147483647;
			files = (
			);
			inputPaths = (
			);
			name = "Copy Pods Resources";
			outputPaths = (
			);
			runOnlyForDeploymentPostprocessing = 0;
			shellPath = /bin/sh;
			shellScript = "\"${SRCROOT}/Pods/Target Support Files/Pods/Pods-resources.sh\"\n";
			showEnvVarsInLog = 0;
		};
		5DFF6FF58C71F4852974C525 /* Embed Pods Frameworks */ = {
			isa = PBXShellScriptBuildPhase;
			buildActionMask = 2147483647;
			files = (
			);
			inputPaths = (
			);
			name = "Embed Pods Frameworks";
			outputPaths = (
			);
			runOnlyForDeploymentPostprocessing = 0;
			shellPath = /bin/sh;
			shellScript = "\"${SRCROOT}/Pods/Target Support Files/Pods/Pods-frameworks.sh\"\n";
			showEnvVarsInLog = 0;
		};
		F54CDF273ABC4370DA7525E1 /* Check Pods Manifest.lock */ = {
			isa = PBXShellScriptBuildPhase;
			buildActionMask = 2147483647;
			files = (
			);
			inputPaths = (
			);
			name = "Check Pods Manifest.lock";
			outputPaths = (
			);
			runOnlyForDeploymentPostprocessing = 0;
			shellPath = /bin/sh;
			shellScript = "diff \"${PODS_ROOT}/../Podfile.lock\" \"${PODS_ROOT}/Manifest.lock\" > /dev/null\nif [[ $? != 0 ]] ; then\n    cat << EOM\nerror: The sandbox is not in sync with the Podfile.lock. Run 'pod install' or update your CocoaPods installation.\nEOM\n    exit 1\nfi\n";
			showEnvVarsInLog = 0;
		};
/* End PBXShellScriptBuildPhase section */

/* Begin PBXSourcesBuildPhase section */
		E4AC64CD1BED62DF00A6F6BD /* Sources */ = {
			isa = PBXSourcesBuildPhase;
			buildActionMask = 2147483647;
			files = (
				E4C677EE1BEF6740008A6E6C /* SEMoreTableViewCell.swift in Sources */,
				E4F805451BEE9D68007A0BA0 /* SECurrentTripViewController.swift in Sources */,
				E4AC64D51BED62DF00A6F6BD /* AppDelegate.swift in Sources */,
				E4F805431BEE8151007A0BA0 /* HTTPClient.swift in Sources */,
				E456A82D1BEDE635002D652E /* SETripTableViewCell.swift in Sources */,
				E4AC64D71BED62DF00A6F6BD /* SEReportsTableViewController.swift in Sources */,
				E4C677EA1BEF52D0008A6E6C /* SEReportTableViewController.swift in Sources */,
				E456A82F1BEE3FF0002D652E /* SECheckInViewController.swift in Sources */,
				E4C677E71BEF414B008A6E6C /* Ride.swift in Sources */,
			);
			runOnlyForDeploymentPostprocessing = 0;
		};
		E4AC64E31BED62DF00A6F6BD /* Sources */ = {
			isa = PBXSourcesBuildPhase;
			buildActionMask = 2147483647;
			files = (
				E4AC64EC1BED62DF00A6F6BD /* TouchlessTravelUITests.swift in Sources */,
			);
			runOnlyForDeploymentPostprocessing = 0;
		};
/* End PBXSourcesBuildPhase section */

/* Begin PBXTargetDependency section */
		E4AC64E91BED62DF00A6F6BD /* PBXTargetDependency */ = {
			isa = PBXTargetDependency;
			target = E4AC64D01BED62DF00A6F6BD /* TouchlessTravel */;
			targetProxy = E4AC64E81BED62DF00A6F6BD /* PBXContainerItemProxy */;
		};
/* End PBXTargetDependency section */

/* Begin PBXVariantGroup section */
		E4AC64DA1BED62DF00A6F6BD /* Main.storyboard */ = {
			isa = PBXVariantGroup;
			children = (
				E4AC64DB1BED62DF00A6F6BD /* Base */,
			);
			name = Main.storyboard;
			sourceTree = "<group>";
		};
		E4AC64DF1BED62DF00A6F6BD /* LaunchScreen.storyboard */ = {
			isa = PBXVariantGroup;
			children = (
				E4AC64E01BED62DF00A6F6BD /* Base */,
			);
			name = LaunchScreen.storyboard;
			sourceTree = "<group>";
		};
/* End PBXVariantGroup section */

/* Begin XCBuildConfiguration section */
		E4AC64EE1BED62DF00A6F6BD /* Debug */ = {
			isa = XCBuildConfiguration;
			buildSettings = {
				ALWAYS_SEARCH_USER_PATHS = NO;
				CLANG_CXX_LANGUAGE_STANDARD = "gnu++0x";
				CLANG_CXX_LIBRARY = "libc++";
				CLANG_ENABLE_MODULES = YES;
				CLANG_ENABLE_OBJC_ARC = YES;
				CLANG_WARN_BOOL_CONVERSION = YES;
				CLANG_WARN_CONSTANT_CONVERSION = YES;
				CLANG_WARN_DIRECT_OBJC_ISA_USAGE = YES_ERROR;
				CLANG_WARN_EMPTY_BODY = YES;
				CLANG_WARN_ENUM_CONVERSION = YES;
				CLANG_WARN_INT_CONVERSION = YES;
				CLANG_WARN_OBJC_ROOT_CLASS = YES_ERROR;
				CLANG_WARN_UNREACHABLE_CODE = YES;
				CLANG_WARN__DUPLICATE_METHOD_MATCH = YES;
				"CODE_SIGN_IDENTITY[sdk=iphoneos*]" = "iPhone Developer";
				COPY_PHASE_STRIP = NO;
				DEBUG_INFORMATION_FORMAT = dwarf;
				ENABLE_STRICT_OBJC_MSGSEND = YES;
				ENABLE_TESTABILITY = YES;
				GCC_C_LANGUAGE_STANDARD = gnu99;
				GCC_DYNAMIC_NO_PIC = NO;
				GCC_NO_COMMON_BLOCKS = YES;
				GCC_OPTIMIZATION_LEVEL = 0;
				GCC_PREPROCESSOR_DEFINITIONS = (
					"DEBUG=1",
					"$(inherited)",
				);
				GCC_WARN_64_TO_32_BIT_CONVERSION = YES;
				GCC_WARN_ABOUT_RETURN_TYPE = YES_ERROR;
				GCC_WARN_UNDECLARED_SELECTOR = YES;
				GCC_WARN_UNINITIALIZED_AUTOS = YES_AGGRESSIVE;
				GCC_WARN_UNUSED_FUNCTION = YES;
				GCC_WARN_UNUSED_VARIABLE = YES;
				IPHONEOS_DEPLOYMENT_TARGET = 9.0;
				MTL_ENABLE_DEBUG_INFO = YES;
				ONLY_ACTIVE_ARCH = YES;
				SDKROOT = iphoneos;
				SWIFT_OPTIMIZATION_LEVEL = "-Onone";
			};
			name = Debug;
		};
		E4AC64EF1BED62DF00A6F6BD /* Release */ = {
			isa = XCBuildConfiguration;
			buildSettings = {
				ALWAYS_SEARCH_USER_PATHS = NO;
				CLANG_CXX_LANGUAGE_STANDARD = "gnu++0x";
				CLANG_CXX_LIBRARY = "libc++";
				CLANG_ENABLE_MODULES = YES;
				CLANG_ENABLE_OBJC_ARC = YES;
				CLANG_WARN_BOOL_CONVERSION = YES;
				CLANG_WARN_CONSTANT_CONVERSION = YES;
				CLANG_WARN_DIRECT_OBJC_ISA_USAGE = YES_ERROR;
				CLANG_WARN_EMPTY_BODY = YES;
				CLANG_WARN_ENUM_CONVERSION = YES;
				CLANG_WARN_INT_CONVERSION = YES;
				CLANG_WARN_OBJC_ROOT_CLASS = YES_ERROR;
				CLANG_WARN_UNREACHABLE_CODE = YES;
				CLANG_WARN__DUPLICATE_METHOD_MATCH = YES;
				"CODE_SIGN_IDENTITY[sdk=iphoneos*]" = "iPhone Developer";
				COPY_PHASE_STRIP = NO;
				DEBUG_INFORMATION_FORMAT = "dwarf-with-dsym";
				ENABLE_NS_ASSERTIONS = NO;
				ENABLE_STRICT_OBJC_MSGSEND = YES;
				GCC_C_LANGUAGE_STANDARD = gnu99;
				GCC_NO_COMMON_BLOCKS = YES;
				GCC_WARN_64_TO_32_BIT_CONVERSION = YES;
				GCC_WARN_ABOUT_RETURN_TYPE = YES_ERROR;
				GCC_WARN_UNDECLARED_SELECTOR = YES;
				GCC_WARN_UNINITIALIZED_AUTOS = YES_AGGRESSIVE;
				GCC_WARN_UNUSED_FUNCTION = YES;
				GCC_WARN_UNUSED_VARIABLE = YES;
				IPHONEOS_DEPLOYMENT_TARGET = 9.0;
				MTL_ENABLE_DEBUG_INFO = NO;
				SDKROOT = iphoneos;
				VALIDATE_PRODUCT = YES;
			};
			name = Release;
		};
		E4AC64F11BED62DF00A6F6BD /* Debug */ = {
			isa = XCBuildConfiguration;
			baseConfigurationReference = 131B2033EC037EE5FB5F58C2 /* Pods.debug.xcconfig */;
			buildSettings = {
				ASSETCATALOG_COMPILER_APPICON_NAME = AppIcon;
				ENABLE_BITCODE = NO;
				INFOPLIST_FILE = TouchlessTravel/Info.plist;
				IPHONEOS_DEPLOYMENT_TARGET = 8.0;
				LD_RUNPATH_SEARCH_PATHS = "$(inherited) @executable_path/Frameworks";
				PRODUCT_BUNDLE_IDENTIFIER = com.soet.TouchlessTravel;
				PRODUCT_NAME = "$(TARGET_NAME)";
				SWIFT_OBJC_BRIDGING_HEADER = "${PROJECT_NAME}/ObjCBridge.h";
			};
			name = Debug;
		};
		E4AC64F21BED62DF00A6F6BD /* Release */ = {
			isa = XCBuildConfiguration;
			baseConfigurationReference = 8566B15B2479236B8087A8C1 /* Pods.release.xcconfig */;
			buildSettings = {
				ASSETCATALOG_COMPILER_APPICON_NAME = AppIcon;
				ENABLE_BITCODE = NO;
				INFOPLIST_FILE = TouchlessTravel/Info.plist;
				IPHONEOS_DEPLOYMENT_TARGET = 8.0;
				LD_RUNPATH_SEARCH_PATHS = "$(inherited) @executable_path/Frameworks";
				PRODUCT_BUNDLE_IDENTIFIER = com.soet.TouchlessTravel;
				PRODUCT_NAME = "$(TARGET_NAME)";
				SWIFT_OBJC_BRIDGING_HEADER = "${PROJECT_NAME}/ObjCBridge.h";
			};
			name = Release;
		};
		E4AC64F41BED62DF00A6F6BD /* Debug */ = {
			isa = XCBuildConfiguration;
			buildSettings = {
				INFOPLIST_FILE = TouchlessTravelUITests/Info.plist;
				LD_RUNPATH_SEARCH_PATHS = "$(inherited) @executable_path/Frameworks @loader_path/Frameworks";
				PRODUCT_BUNDLE_IDENTIFIER = com.lab75.TouchlessTravelUITests;
				PRODUCT_NAME = "$(TARGET_NAME)";
				TEST_TARGET_NAME = TouchlessTravel;
				USES_XCTRUNNER = YES;
			};
			name = Debug;
		};
		E4AC64F51BED62DF00A6F6BD /* Release */ = {
			isa = XCBuildConfiguration;
			buildSettings = {
				INFOPLIST_FILE = TouchlessTravelUITests/Info.plist;
				LD_RUNPATH_SEARCH_PATHS = "$(inherited) @executable_path/Frameworks @loader_path/Frameworks";
				PRODUCT_BUNDLE_IDENTIFIER = com.lab75.TouchlessTravelUITests;
				PRODUCT_NAME = "$(TARGET_NAME)";
				TEST_TARGET_NAME = TouchlessTravel;
				USES_XCTRUNNER = YES;
			};
			name = Release;
		};
/* End XCBuildConfiguration section */

/* Begin XCConfigurationList section */
		E4AC64CC1BED62DF00A6F6BD /* Build configuration list for PBXProject "TouchlessTravel" */ = {
			isa = XCConfigurationList;
			buildConfigurations = (
				E4AC64EE1BED62DF00A6F6BD /* Debug */,
				E4AC64EF1BED62DF00A6F6BD /* Release */,
			);
			defaultConfigurationIsVisible = 0;
			defaultConfigurationName = Release;
		};
		E4AC64F01BED62DF00A6F6BD /* Build configuration list for PBXNativeTarget "TouchlessTravel" */ = {
			isa = XCConfigurationList;
			buildConfigurations = (
				E4AC64F11BED62DF00A6F6BD /* Debug */,
				E4AC64F21BED62DF00A6F6BD /* Release */,
			);
			defaultConfigurationIsVisible = 0;
			defaultConfigurationName = Release;
		};
		E4AC64F31BED62DF00A6F6BD /* Build configuration list for PBXNativeTarget "TouchlessTravelUITests" */ = {
			isa = XCConfigurationList;
			buildConfigurations = (
				E4AC64F41BED62DF00A6F6BD /* Debug */,
				E4AC64F51BED62DF00A6F6BD /* Release */,
			);
			defaultConfigurationIsVisible = 0;
			defaultConfigurationName = Release;
		};
/* End XCConfigurationList section */
	};
	rootObject = E4AC64C91BED62DF00A6F6BD /* Project object */;
}
